
Microsoft Visual Studio Solution File, Format Version 12.00
# Visual Studio Version 16
VisualStudioVersion = 16.0.29519.181
MinimumVisualStudioVersion = 10.0.40219.1
Project("{FAE04EC0-301F-11D3-BF4B-00C04F79EFBC}") = "netversion2", "netversion2\netversion2.csproj", "{D21CFB64-3EFC-4A11-B27C-0992C0E86139}"
EndProject
Global
	GlobalSection(SolutionConfigurationPlatforms) = preSolution
		Debug|Any CPU = Debug|Any CPU
		Release|Any CPU = Release|Any CPU
	EndGlobalSection
	GlobalSection(ProjectConfigurationPlatforms) = postSolution
		{D21CFB64-3EFC-4A11-B27C-0992C0E86139}.Debug|Any CPU.ActiveCfg = Debug|Any CPU
		{D21CFB64-3EFC-4A11-B27C-0992C0E86139}.Debug|Any CPU.Build.0 = Debug|Any CPU
		{D21CFB64-3EFC-4A11-B27C-0992C0E86139}.Release|Any CPU.ActiveCfg = Release|Any CPU
		{D21CFB64-3EFC-4A11-B27C-0992C0E86139}.Release|Any CPU.Build.0 = Release|Any CPU
	EndGlobalSection
	GlobalSection(SolutionProperties) = preSolution
		HideSolutionNode = FALSE
	EndGlobalSection
	GlobalSection(ExtensibilityGlobals) = postSolution
		SolutionGuid = {D50C5C63-64F4-458A-B119-E9969ADB7222}
	EndGlobalSection
EndGlobal
